
Microsoft Visual Studio Solution File, Format Version 12.00
# Visual Studio Version 16
VisualStudioVersion = 16.0.31702.278
MinimumVisualStudioVersion = 10.0.40219.1
Project("{9A19103F-16F7-4668-BE54-9A1E7A4F7556}") = "ConsoleApp", "ConsoleApp\ConsoleApp.csproj", "{3291593D-0028-4459-BA08-B969200418EC}"
EndProject
Project("{9A19103F-16F7-4668-BE54-9A1E7A4F7556}") = "DataLayer", "DataLayer\DataLayer.csproj", "{490DE8B5-7CC5-4EBE-AF53-D7F1044A293A}"
EndProject
Project("{9A19103F-16F7-4668-BE54-9A1E7A4F7556}") = "WebApp", "WebApp\WebApp.csproj", "{8740B018-E602-4F9C-BB90-16AA353FDB66}"
	ProjectSection(ProjectDependencies) = postProject
		{AEA7E153-997B-4D44-AFDD-D5339D555979} = {AEA7E153-997B-4D44-AFDD-D5339D555979}
	EndProjectSection
EndProject
Project("{9A19103F-16F7-4668-BE54-9A1E7A4F7556}") = "ServiceLayer", "ServiceLayer\ServiceLayer.csproj", "{AEA7E153-997B-4D44-AFDD-D5339D555979}"
EndProject
Global
	GlobalSection(SolutionConfigurationPlatforms) = preSolution
		Debug|Any CPU = Debug|Any CPU
		Release|Any CPU = Release|Any CPU
	EndGlobalSection
	GlobalSection(ProjectConfigurationPlatforms) = postSolution
		{3291593D-0028-4459-BA08-B969200418EC}.Debug|Any CPU.ActiveCfg = Debug|Any CPU
		{3291593D-0028-4459-BA08-B969200418EC}.Debug|Any CPU.Build.0 = Debug|Any CPU
		{3291593D-0028-4459-BA08-B969200418EC}.Release|Any CPU.ActiveCfg = Release|Any CPU
		{3291593D-0028-4459-BA08-B969200418EC}.Release|Any CPU.Build.0 = Release|Any CPU
		{490DE8B5-7CC5-4EBE-AF53-D7F1044A293A}.Debug|Any CPU.ActiveCfg = Debug|Any CPU
		{490DE8B5-7CC5-4EBE-AF53-D7F1044A293A}.Debug|Any CPU.Build.0 = Debug|Any CPU
		{490DE8B5-7CC5-4EBE-AF53-D7F1044A293A}.Release|Any CPU.ActiveCfg = Release|Any CPU
		{490DE8B5-7CC5-4EBE-AF53-D7F1044A293A}.Release|Any CPU.Build.0 = Release|Any CPU
		{8740B018-E602-4F9C-BB90-16AA353FDB66}.Debug|Any CPU.ActiveCfg = Debug|Any CPU
		{8740B018-E602-4F9C-BB90-16AA353FDB66}.Debug|Any CPU.Build.0 = Debug|Any CPU
		{8740B018-E602-4F9C-BB90-16AA353FDB66}.Release|Any CPU.ActiveCfg = Release|Any CPU
		{8740B018-E602-4F9C-BB90-16AA353FDB66}.Release|Any CPU.Build.0 = Release|Any CPU
		{AEA7E153-997B-4D44-AFDD-D5339D555979}.Debug|Any CPU.ActiveCfg = Debug|Any CPU
		{AEA7E153-997B-4D44-AFDD-D5339D555979}.Debug|Any CPU.Build.0 = Debug|Any CPU
		{AEA7E153-997B-4D44-AFDD-D5339D555979}.Release|Any CPU.ActiveCfg = Release|Any CPU
		{AEA7E153-997B-4D44-AFDD-D5339D555979}.Release|Any CPU.Build.0 = Release|Any CPU
	EndGlobalSection
	GlobalSection(SolutionProperties) = preSolution
		HideSolutionNode = FALSE
	EndGlobalSection
	GlobalSection(ExtensibilityGlobals) = postSolution
		SolutionGuid = {08A561AA-C1A8-425B-ADDE-CCD6318C0C43}
	EndGlobalSection
EndGlobal
